
Microsoft Visual Studio Solution File, Format Version 12.00
# Visual Studio 2013
VisualStudioVersion = 12.0.21005.1
MinimumVisualStudioVersion = 10.0.40219.1
Project("{FAE04EC0-301F-11D3-BF4B-00C04F79EFBC}") = "alpine.api", "alpine.api\alpine.api.csproj", "{497E93DA-3551-4B07-9B2A-9C0CFE93D1EA}"
EndProject
Project("{FAE04EC0-301F-11D3-BF4B-00C04F79EFBC}") = "alpine.api.Tests", "alpine.api.Tests\alpine.api.Tests.csproj", "{F4A54211-4CDE-4F0B-8D30-464A1B49BAA3}"
EndProject
Project("{FAE04EC0-301F-11D3-BF4B-00C04F79EFBC}") = "alpine.core", "alpine.core\alpine.core.csproj", "{763AC662-BD44-4D9F-9F7E-DB2FE65A3546}"
EndProject
Project("{FAE04EC0-301F-11D3-BF4B-00C04F79EFBC}") = "alpine.repository.mongo", "alpine.repository.mongo\alpine.repository.mongo.csproj", "{CBC9B6B0-63FF-4508-8204-F5968C7B6FF4}"
EndProject
Project("{FAE04EC0-301F-11D3-BF4B-00C04F79EFBC}") = "alpine.reporting", "alpine.reporting\alpine.reporting.csproj", "{7CDA0816-8469-4630-9E6B-5159424E95D7}"
EndProject
Project("{FAE04EC0-301F-11D3-BF4B-00C04F79EFBC}") = "alpine.repository.linq", "alpine.repository.linq\alpine.repository.linq.csproj", "{6A28BC0B-B96D-4098-BB9A-146D967FEA7B}"
EndProject
Global
	GlobalSection(SolutionConfigurationPlatforms) = preSolution
		Debug|Any CPU = Debug|Any CPU
		Release|Any CPU = Release|Any CPU
	EndGlobalSection
	GlobalSection(ProjectConfigurationPlatforms) = postSolution
		{497E93DA-3551-4B07-9B2A-9C0CFE93D1EA}.Debug|Any CPU.ActiveCfg = Debug|Any CPU
		{497E93DA-3551-4B07-9B2A-9C0CFE93D1EA}.Debug|Any CPU.Build.0 = Debug|Any CPU
		{497E93DA-3551-4B07-9B2A-9C0CFE93D1EA}.Release|Any CPU.ActiveCfg = Release|Any CPU
		{497E93DA-3551-4B07-9B2A-9C0CFE93D1EA}.Release|Any CPU.Build.0 = Release|Any CPU
		{F4A54211-4CDE-4F0B-8D30-464A1B49BAA3}.Debug|Any CPU.ActiveCfg = Debug|Any CPU
		{F4A54211-4CDE-4F0B-8D30-464A1B49BAA3}.Debug|Any CPU.Build.0 = Debug|Any CPU
		{F4A54211-4CDE-4F0B-8D30-464A1B49BAA3}.Release|Any CPU.ActiveCfg = Release|Any CPU
		{F4A54211-4CDE-4F0B-8D30-464A1B49BAA3}.Release|Any CPU.Build.0 = Release|Any CPU
		{763AC662-BD44-4D9F-9F7E-DB2FE65A3546}.Debug|Any CPU.ActiveCfg = Debug|Any CPU
		{763AC662-BD44-4D9F-9F7E-DB2FE65A3546}.Debug|Any CPU.Build.0 = Debug|Any CPU
		{763AC662-BD44-4D9F-9F7E-DB2FE65A3546}.Release|Any CPU.ActiveCfg = Release|Any CPU
		{763AC662-BD44-4D9F-9F7E-DB2FE65A3546}.Release|Any CPU.Build.0 = Release|Any CPU
		{CBC9B6B0-63FF-4508-8204-F5968C7B6FF4}.Debug|Any CPU.ActiveCfg = Debug|Any CPU
		{CBC9B6B0-63FF-4508-8204-F5968C7B6FF4}.Debug|Any CPU.Build.0 = Debug|Any CPU
		{CBC9B6B0-63FF-4508-8204-F5968C7B6FF4}.Release|Any CPU.ActiveCfg = Release|Any CPU
		{CBC9B6B0-63FF-4508-8204-F5968C7B6FF4}.Release|Any CPU.Build.0 = Release|Any CPU
		{7CDA0816-8469-4630-9E6B-5159424E95D7}.Debug|Any CPU.ActiveCfg = Debug|Any CPU
		{7CDA0816-8469-4630-9E6B-5159424E95D7}.Debug|Any CPU.Build.0 = Debug|Any CPU
		{7CDA0816-8469-4630-9E6B-5159424E95D7}.Release|Any CPU.ActiveCfg = Release|Any CPU
		{7CDA0816-8469-4630-9E6B-5159424E95D7}.Release|Any CPU.Build.0 = Release|Any CPU
		{6A28BC0B-B96D-4098-BB9A-146D967FEA7B}.Debug|Any CPU.ActiveCfg = Debug|Any CPU
		{6A28BC0B-B96D-4098-BB9A-146D967FEA7B}.Debug|Any CPU.Build.0 = Debug|Any CPU
		{6A28BC0B-B96D-4098-BB9A-146D967FEA7B}.Release|Any CPU.ActiveCfg = Release|Any CPU
		{6A28BC0B-B96D-4098-BB9A-146D967FEA7B}.Release|Any CPU.Build.0 = Release|Any CPU
	EndGlobalSection
	GlobalSection(SolutionProperties) = preSolution
		HideSolutionNode = FALSE
	EndGlobalSection
EndGlobal
